
Microsoft Visual Studio Solution File, Format Version 12.00
# Visual Studio Version 17
VisualStudioVersion = 17.6.33723.286
MinimumVisualStudioVersion = 10.0.40219.1
Project("{9A19103F-16F7-4668-BE54-9A1E7A4F7556}") = "Event-Booking-API", "Event-Booking-API\Event-Booking-API.csproj", "{4AE658CB-0B22-42D8-900D-BEA676EF69E4}"
EndProject
Project("{FAE04EC0-301F-11D3-BF4B-00C04F79EFBC}") = "Event-Booking-API-Tests", "Event-Booking-API-Tests\Event-Booking-API-Tests.csproj", "{6E9BD149-41EC-4554-B053-AA0E970AC1EF}"
EndProject
Global
	GlobalSection(SolutionConfigurationPlatforms) = preSolution
		Debug|Any CPU = Debug|Any CPU
		Release|Any CPU = Release|Any CPU
	EndGlobalSection
	GlobalSection(ProjectConfigurationPlatforms) = postSolution
		{4AE658CB-0B22-42D8-900D-BEA676EF69E4}.Debug|Any CPU.ActiveCfg = Debug|Any CPU
		{4AE658CB-0B22-42D8-900D-BEA676EF69E4}.Debug|Any CPU.Build.0 = Debug|Any CPU
		{4AE658CB-0B22-42D8-900D-BEA676EF69E4}.Release|Any CPU.ActiveCfg = Release|Any CPU
		{4AE658CB-0B22-42D8-900D-BEA676EF69E4}.Release|Any CPU.Build.0 = Release|Any CPU
		{6E9BD149-41EC-4554-B053-AA0E970AC1EF}.Debug|Any CPU.ActiveCfg = Debug|Any CPU
		{6E9BD149-41EC-4554-B053-AA0E970AC1EF}.Debug|Any CPU.Build.0 = Debug|Any CPU
		{6E9BD149-41EC-4554-B053-AA0E970AC1EF}.Release|Any CPU.ActiveCfg = Release|Any CPU
		{6E9BD149-41EC-4554-B053-AA0E970AC1EF}.Release|Any CPU.Build.0 = Release|Any CPU
	EndGlobalSection
	GlobalSection(SolutionProperties) = preSolution
		HideSolutionNode = FALSE
	EndGlobalSection
	GlobalSection(ExtensibilityGlobals) = postSolution
		SolutionGuid = {80E8EFC1-31AC-41BA-9924-1BEE67EDD4F0}
	EndGlobalSection
EndGlobal
